// !$*UTF8*$!
{
	archiveVersion = 1;
	classes = {
	};
	objectVersion = 55;
	objects = {

/* Begin PBXBuildFile section */
		4B4343CF10F2FAAC72716F62 /* Pods_Remote_Asset_Controller_iOS.framework in Frameworks */ = {isa = PBXBuildFile; fileRef = 9C86F652FFC927DCAD69C77C /* Pods_Remote_Asset_Controller_iOS.framework */; };
		8835916D298D767F00A51EDB /* AppDelegate.swift in Sources */ = {isa = PBXBuildFile; fileRef = 8835916C298D767F00A51EDB /* AppDelegate.swift */; };
		8835916F298D767F00A51EDB /* SceneDelegate.swift in Sources */ = {isa = PBXBuildFile; fileRef = 8835916E298D767F00A51EDB /* SceneDelegate.swift */; };
		88359176298D768000A51EDB /* Assets.xcassets in Resources */ = {isa = PBXBuildFile; fileRef = 88359175298D768000A51EDB /* Assets.xcassets */; };
		88359179298D768000A51EDB /* LaunchScreen.storyboard in Resources */ = {isa = PBXBuildFile; fileRef = 88359177298D768000A51EDB /* LaunchScreen.storyboard */; };
		88359184298E3C1900A51EDB /* LoginPresenter.swift in Sources */ = {isa = PBXBuildFile; fileRef = 88359181298E3C1900A51EDB /* LoginPresenter.swift */; };
		88359185298E3C1900A51EDB /* LoginViewController.swift in Sources */ = {isa = PBXBuildFile; fileRef = 88359182298E3C1900A51EDB /* LoginViewController.swift */; };
		88359188298E3C6D00A51EDB /* LoginModule.swift in Sources */ = {isa = PBXBuildFile; fileRef = 88359187298E3C6D00A51EDB /* LoginModule.swift */; };
		8835918C298E3CAA00A51EDB /* UIStoryboard+Extension.swift in Sources */ = {isa = PBXBuildFile; fileRef = 8835918B298E3CAA00A51EDB /* UIStoryboard+Extension.swift */; };
		8835918F298E3CC100A51EDB /* Storyboards.swift in Sources */ = {isa = PBXBuildFile; fileRef = 8835918E298E3CC100A51EDB /* Storyboards.swift */; };
		88359192298E3CDA00A51EDB /* Constants.swift in Sources */ = {isa = PBXBuildFile; fileRef = 88359191298E3CDA00A51EDB /* Constants.swift */; };
		88359196298E3D9700A51EDB /* BaseViewController.swift in Sources */ = {isa = PBXBuildFile; fileRef = 88359195298E3D9700A51EDB /* BaseViewController.swift */; };
		88359199298E3DB800A51EDB /* Alertable.swift in Sources */ = {isa = PBXBuildFile; fileRef = 88359198298E3DB800A51EDB /* Alertable.swift */; };
		8835919B298E3DBE00A51EDB /* Loadable.swift in Sources */ = {isa = PBXBuildFile; fileRef = 8835919A298E3DBE00A51EDB /* Loadable.swift */; };
		8835919D298E3DCD00A51EDB /* NibLoadedView.swift in Sources */ = {isa = PBXBuildFile; fileRef = 8835919C298E3DCD00A51EDB /* NibLoadedView.swift */; };
		8835919F298E3DDC00A51EDB /* ReusableView.swift in Sources */ = {isa = PBXBuildFile; fileRef = 8835919E298E3DDC00A51EDB /* ReusableView.swift */; };
		883591A2298E3E1900A51EDB /* BackButton.swift in Sources */ = {isa = PBXBuildFile; fileRef = 883591A1298E3E1900A51EDB /* BackButton.swift */; };
		883591A4298E3E3200A51EDB /* LoadingView.swift in Sources */ = {isa = PBXBuildFile; fileRef = 883591A3298E3E3200A51EDB /* LoadingView.swift */; };
		883591A6298E3E4800A51EDB /* ImageNames.swift in Sources */ = {isa = PBXBuildFile; fileRef = 883591A5298E3E4800A51EDB /* ImageNames.swift */; };
		883591A9298E40CF00A51EDB /* Login.storyboard in Resources */ = {isa = PBXBuildFile; fileRef = 883591A8298E40CF00A51EDB /* Login.storyboard */; };
		883591AC298E42BB00A51EDB /* DemoSource.swift in Sources */ = {isa = PBXBuildFile; fileRef = 883591AB298E42BB00A51EDB /* DemoSource.swift */; };
		883591AF298E42DD00A51EDB /* BaseService.swift in Sources */ = {isa = PBXBuildFile; fileRef = 883591AE298E42DD00A51EDB /* BaseService.swift */; };
		883591B4298E431400A51EDB /* TestResponse.swift in Sources */ = {isa = PBXBuildFile; fileRef = 883591B3298E431400A51EDB /* TestResponse.swift */; };
		883591B6298E433500A51EDB /* TestRequest.swift in Sources */ = {isa = PBXBuildFile; fileRef = 883591B5298E433500A51EDB /* TestRequest.swift */; };
/* End PBXBuildFile section */

/* Begin PBXFileReference section */
		1CB5DF337CD89ABF59657760 /* Pods-Remote_Asset_Controller_iOS.debug.xcconfig */ = {isa = PBXFileReference; includeInIndex = 1; lastKnownFileType = text.xcconfig; name = "Pods-Remote_Asset_Controller_iOS.debug.xcconfig"; path = "Target Support Files/Pods-Remote_Asset_Controller_iOS/Pods-Remote_Asset_Controller_iOS.debug.xcconfig"; sourceTree = "<group>"; };
		88359169298D767F00A51EDB /* Remote_Asset_Controller_iOS.app */ = {isa = PBXFileReference; explicitFileType = wrapper.application; includeInIndex = 0; path = Remote_Asset_Controller_iOS.app; sourceTree = BUILT_PRODUCTS_DIR; };
		8835916C298D767F00A51EDB /* AppDelegate.swift */ = {isa = PBXFileReference; lastKnownFileType = sourcecode.swift; path = AppDelegate.swift; sourceTree = "<group>"; };
		8835916E298D767F00A51EDB /* SceneDelegate.swift */ = {isa = PBXFileReference; lastKnownFileType = sourcecode.swift; path = SceneDelegate.swift; sourceTree = "<group>"; };
		88359175298D768000A51EDB /* Assets.xcassets */ = {isa = PBXFileReference; lastKnownFileType = folder.assetcatalog; path = Assets.xcassets; sourceTree = "<group>"; };
		88359178298D768000A51EDB /* Base */ = {isa = PBXFileReference; lastKnownFileType = file.storyboard; name = Base; path = Base.lproj/LaunchScreen.storyboard; sourceTree = "<group>"; };
		8835917A298D768000A51EDB /* Info.plist */ = {isa = PBXFileReference; lastKnownFileType = text.plist.xml; path = Info.plist; sourceTree = "<group>"; };
		88359181298E3C1900A51EDB /* LoginPresenter.swift */ = {isa = PBXFileReference; lastKnownFileType = sourcecode.swift; path = LoginPresenter.swift; sourceTree = "<group>"; };
		88359182298E3C1900A51EDB /* LoginViewController.swift */ = {isa = PBXFileReference; lastKnownFileType = sourcecode.swift; path = LoginViewController.swift; sourceTree = "<group>"; };
		88359187298E3C6D00A51EDB /* LoginModule.swift */ = {isa = PBXFileReference; lastKnownFileType = sourcecode.swift; path = LoginModule.swift; sourceTree = "<group>"; };
		8835918B298E3CAA00A51EDB /* UIStoryboard+Extension.swift */ = {isa = PBXFileReference; fileEncoding = 4; lastKnownFileType = sourcecode.swift; path = "UIStoryboard+Extension.swift"; sourceTree = "<group>"; };
		8835918E298E3CC100A51EDB /* Storyboards.swift */ = {isa = PBXFileReference; fileEncoding = 4; lastKnownFileType = sourcecode.swift; path = Storyboards.swift; sourceTree = "<group>"; };
		88359191298E3CDA00A51EDB /* Constants.swift */ = {isa = PBXFileReference; fileEncoding = 4; lastKnownFileType = sourcecode.swift; path = Constants.swift; sourceTree = "<group>"; };
		88359195298E3D9700A51EDB /* BaseViewController.swift */ = {isa = PBXFileReference; fileEncoding = 4; lastKnownFileType = sourcecode.swift; path = BaseViewController.swift; sourceTree = "<group>"; };
		88359198298E3DB800A51EDB /* Alertable.swift */ = {isa = PBXFileReference; fileEncoding = 4; lastKnownFileType = sourcecode.swift; path = Alertable.swift; sourceTree = "<group>"; };
		8835919A298E3DBE00A51EDB /* Loadable.swift */ = {isa = PBXFileReference; fileEncoding = 4; lastKnownFileType = sourcecode.swift; path = Loadable.swift; sourceTree = "<group>"; };
		8835919C298E3DCD00A51EDB /* NibLoadedView.swift */ = {isa = PBXFileReference; fileEncoding = 4; lastKnownFileType = sourcecode.swift; path = NibLoadedView.swift; sourceTree = "<group>"; };
		8835919E298E3DDC00A51EDB /* ReusableView.swift */ = {isa = PBXFileReference; fileEncoding = 4; lastKnownFileType = sourcecode.swift; path = ReusableView.swift; sourceTree = "<group>"; };
		883591A1298E3E1900A51EDB /* BackButton.swift */ = {isa = PBXFileReference; fileEncoding = 4; lastKnownFileType = sourcecode.swift; path = BackButton.swift; sourceTree = "<group>"; };
		883591A3298E3E3200A51EDB /* LoadingView.swift */ = {isa = PBXFileReference; fileEncoding = 4; lastKnownFileType = sourcecode.swift; path = LoadingView.swift; sourceTree = "<group>"; };
		883591A5298E3E4800A51EDB /* ImageNames.swift */ = {isa = PBXFileReference; fileEncoding = 4; lastKnownFileType = sourcecode.swift; path = ImageNames.swift; sourceTree = "<group>"; };
		883591A8298E40CF00A51EDB /* Login.storyboard */ = {isa = PBXFileReference; lastKnownFileType = file.storyboard; path = Login.storyboard; sourceTree = "<group>"; };
		883591AB298E42BB00A51EDB /* DemoSource.swift */ = {isa = PBXFileReference; fileEncoding = 4; lastKnownFileType = sourcecode.swift; path = DemoSource.swift; sourceTree = "<group>"; };
		883591AE298E42DD00A51EDB /* BaseService.swift */ = {isa = PBXFileReference; fileEncoding = 4; lastKnownFileType = sourcecode.swift; path = BaseService.swift; sourceTree = "<group>"; };
		883591B3298E431400A51EDB /* TestResponse.swift */ = {isa = PBXFileReference; fileEncoding = 4; lastKnownFileType = sourcecode.swift; name = TestResponse.swift; path = ../../../../../ImageGenie/ImageGenie/Network/RequestModels/TestResponse.swift; sourceTree = "<group>"; };
		883591B5298E433500A51EDB /* TestRequest.swift */ = {isa = PBXFileReference; fileEncoding = 4; lastKnownFileType = sourcecode.swift; path = TestRequest.swift; sourceTree = "<group>"; };
		9C86F652FFC927DCAD69C77C /* Pods_Remote_Asset_Controller_iOS.framework */ = {isa = PBXFileReference; explicitFileType = wrapper.framework; includeInIndex = 0; path = Pods_Remote_Asset_Controller_iOS.framework; sourceTree = BUILT_PRODUCTS_DIR; };
		C6B7FE5868BF2E40476F5540 /* Pods-Remote_Asset_Controller_iOS.release.xcconfig */ = {isa = PBXFileReference; includeInIndex = 1; lastKnownFileType = text.xcconfig; name = "Pods-Remote_Asset_Controller_iOS.release.xcconfig"; path = "Target Support Files/Pods-Remote_Asset_Controller_iOS/Pods-Remote_Asset_Controller_iOS.release.xcconfig"; sourceTree = "<group>"; };
/* End PBXFileReference section */

/* Begin PBXFrameworksBuildPhase section */
		88359166298D767F00A51EDB /* Frameworks */ = {
			isa = PBXFrameworksBuildPhase;
			buildActionMask = 2147483647;
			files = (
				4B4343CF10F2FAAC72716F62 /* Pods_Remote_Asset_Controller_iOS.framework in Frameworks */,
			);
			runOnlyForDeploymentPostprocessing = 0;
		};
/* End PBXFrameworksBuildPhase section */

/* Begin PBXGroup section */
		88359160298D767F00A51EDB = {
			isa = PBXGroup;
			children = (
				8835916B298D767F00A51EDB /* Remote_Asset_Controller_iOS */,
				8835916A298D767F00A51EDB /* Products */,
				C8BD8EEC31A722D82786409C /* Pods */,
				8E5DB4B1DF387F0585A0E41F /* Frameworks */,
			);
			sourceTree = "<group>";
		};
		8835916A298D767F00A51EDB /* Products */ = {
			isa = PBXGroup;
			children = (
				88359169298D767F00A51EDB /* Remote_Asset_Controller_iOS.app */,
			);
			name = Products;
			sourceTree = "<group>";
		};
		8835916B298D767F00A51EDB /* Remote_Asset_Controller_iOS */ = {
			isa = PBXGroup;
			children = (
				88359197298E3DAB00A51EDB /* Protocols */,
				88359190298E3CCE00A51EDB /* Constans */,
				8835918D298E3CB800A51EDB /* Utils */,
				8835918A298E3C9500A51EDB /* Extensions */,
				88359194298E3D7B00A51EDB /* Scenes */,
				883591A7298E3E8100A51EDB /* AppDelegates */,
				883591AA298E429B00A51EDB /* Network */,
				883591A0298E3E0400A51EDB /* UIcomp */,
				88359175298D768000A51EDB /* Assets.xcassets */,
				8835917A298D768000A51EDB /* Info.plist */,
			);
			path = Remote_Asset_Controller_iOS;
			sourceTree = "<group>";
		};
		88359180298E3C0C00A51EDB /* Login */ = {
			isa = PBXGroup;
			children = (
				88359187298E3C6D00A51EDB /* LoginModule.swift */,
				88359181298E3C1900A51EDB /* LoginPresenter.swift */,
				88359182298E3C1900A51EDB /* LoginViewController.swift */,
				883591A8298E40CF00A51EDB /* Login.storyboard */,
			);
			path = Login;
			sourceTree = "<group>";
		};
		8835918A298E3C9500A51EDB /* Extensions */ = {
			isa = PBXGroup;
			children = (
				8835918B298E3CAA00A51EDB /* UIStoryboard+Extension.swift */,
			);
			path = Extensions;
			sourceTree = "<group>";
		};
		8835918D298E3CB800A51EDB /* Utils */ = {
			isa = PBXGroup;
			children = (
				8835918E298E3CC100A51EDB /* Storyboards.swift */,
				883591A5298E3E4800A51EDB /* ImageNames.swift */,
			);
			path = Utils;
			sourceTree = "<group>";
		};
		88359190298E3CCE00A51EDB /* Constans */ = {
			isa = PBXGroup;
			children = (
				88359191298E3CDA00A51EDB /* Constants.swift */,
			);
			path = Constans;
			sourceTree = "<group>";
		};
		88359193298E3D7300A51EDB /* BaseVC */ = {
			isa = PBXGroup;
			children = (
				88359195298E3D9700A51EDB /* BaseViewController.swift */,
			);
			path = BaseVC;
			sourceTree = "<group>";
		};
		88359194298E3D7B00A51EDB /* Scenes */ = {
			isa = PBXGroup;
			children = (
				88359193298E3D7300A51EDB /* BaseVC */,
				88359180298E3C0C00A51EDB /* Login */,
			);
			path = Scenes;
			sourceTree = "<group>";
		};
		88359197298E3DAB00A51EDB /* Protocols */ = {
			isa = PBXGroup;
			children = (
				88359198298E3DB800A51EDB /* Alertable.swift */,
				8835919A298E3DBE00A51EDB /* Loadable.swift */,
				8835919C298E3DCD00A51EDB /* NibLoadedView.swift */,
				8835919E298E3DDC00A51EDB /* ReusableView.swift */,
			);
			path = Protocols;
			sourceTree = "<group>";
		};
		883591A0298E3E0400A51EDB /* UIcomp */ = {
			isa = PBXGroup;
			children = (
				883591A3298E3E3200A51EDB /* LoadingView.swift */,
				883591A1298E3E1900A51EDB /* BackButton.swift */,
			);
			path = UIcomp;
			sourceTree = "<group>";
		};
		883591A7298E3E8100A51EDB /* AppDelegates */ = {
			isa = PBXGroup;
			children = (
				8835916C298D767F00A51EDB /* AppDelegate.swift */,
				8835916E298D767F00A51EDB /* SceneDelegate.swift */,
				88359177298D768000A51EDB /* LaunchScreen.storyboard */,
			);
			path = AppDelegates;
			sourceTree = "<group>";
		};
		883591AA298E429B00A51EDB /* Network */ = {
			isa = PBXGroup;
			children = (
				883591B0298E42F800A51EDB /* RequestModels */,
				883591AD298E42C900A51EDB /* BaseService */,
				883591AB298E42BB00A51EDB /* DemoSource.swift */,
			);
			path = Network;
			sourceTree = "<group>";
		};
		883591AD298E42C900A51EDB /* BaseService */ = {
			isa = PBXGroup;
			children = (
				883591AE298E42DD00A51EDB /* BaseService.swift */,
			);
			path = BaseService;
			sourceTree = "<group>";
		};
		883591B0298E42F800A51EDB /* RequestModels */ = {
			isa = PBXGroup;
			children = (
				883591B5298E433500A51EDB /* TestRequest.swift */,
				883591B3298E431400A51EDB /* TestResponse.swift */,
			);
			path = RequestModels;
			sourceTree = "<group>";
		};
		8E5DB4B1DF387F0585A0E41F /* Frameworks */ = {
			isa = PBXGroup;
			children = (
				9C86F652FFC927DCAD69C77C /* Pods_Remote_Asset_Controller_iOS.framework */,
			);
			name = Frameworks;
			sourceTree = "<group>";
		};
		C8BD8EEC31A722D82786409C /* Pods */ = {
			isa = PBXGroup;
			children = (
				1CB5DF337CD89ABF59657760 /* Pods-Remote_Asset_Controller_iOS.debug.xcconfig */,
				C6B7FE5868BF2E40476F5540 /* Pods-Remote_Asset_Controller_iOS.release.xcconfig */,
			);
			path = Pods;
			sourceTree = "<group>";
		};
/* End PBXGroup section */

/* Begin PBXNativeTarget section */
		88359168298D767F00A51EDB /* Remote_Asset_Controller_iOS */ = {
			isa = PBXNativeTarget;
			buildConfigurationList = 8835917D298D768000A51EDB /* Build configuration list for PBXNativeTarget "Remote_Asset_Controller_iOS" */;
			buildPhases = (
				D4F7B36292D75E3DEB130B48 /* [CP] Check Pods Manifest.lock */,
				88359165298D767F00A51EDB /* Sources */,
				88359166298D767F00A51EDB /* Frameworks */,
				88359167298D767F00A51EDB /* Resources */,
				10C4A3D9269B7449E9B0D4C4 /* [CP] Embed Pods Frameworks */,
			);
			buildRules = (
			);
			dependencies = (
			);
			name = Remote_Asset_Controller_iOS;
			productName = Remote_Asset_Controller_iOS;
			productReference = 88359169298D767F00A51EDB /* Remote_Asset_Controller_iOS.app */;
			productType = "com.apple.product-type.application";
		};
/* End PBXNativeTarget section */

/* Begin PBXProject section */
		88359161298D767F00A51EDB /* Project object */ = {
			isa = PBXProject;
			attributes = {
				BuildIndependentTargetsInParallel = 1;
				LastSwiftUpdateCheck = 1410;
				LastUpgradeCheck = 1410;
				TargetAttributes = {
					88359168298D767F00A51EDB = {
						CreatedOnToolsVersion = 14.1;
					};
				};
			};
			buildConfigurationList = 88359164298D767F00A51EDB /* Build configuration list for PBXProject "Remote_Asset_Controller_iOS" */;
			compatibilityVersion = "Xcode 13.0";
			developmentRegion = en;
			hasScannedForEncodings = 0;
			knownRegions = (
				en,
				Base,
			);
			mainGroup = 88359160298D767F00A51EDB;
			productRefGroup = 8835916A298D767F00A51EDB /* Products */;
			projectDirPath = "";
			projectRoot = "";
			targets = (
				88359168298D767F00A51EDB /* Remote_Asset_Controller_iOS */,
			);
		};
/* End PBXProject section */

/* Begin PBXResourcesBuildPhase section */
		88359167298D767F00A51EDB /* Resources */ = {
			isa = PBXResourcesBuildPhase;
			buildActionMask = 2147483647;
			files = (
				88359179298D768000A51EDB /* LaunchScreen.storyboard in Resources */,
				88359176298D768000A51EDB /* Assets.xcassets in Resources */,
				883591A9298E40CF00A51EDB /* Login.storyboard in Resources */,
			);
			runOnlyForDeploymentPostprocessing = 0;
		};
/* End PBXResourcesBuildPhase section */

/* Begin PBXShellScriptBuildPhase section */
		10C4A3D9269B7449E9B0D4C4 /* [CP] Embed Pods Frameworks */ = {
			isa = PBXShellScriptBuildPhase;
			buildActionMask = 2147483647;
			files = (
			);
			inputFileListPaths = (
				"${PODS_ROOT}/Target Support Files/Pods-Remote_Asset_Controller_iOS/Pods-Remote_Asset_Controller_iOS-frameworks-${CONFIGURATION}-input-files.xcfilelist",
			);
			name = "[CP] Embed Pods Frameworks";
			outputFileListPaths = (
				"${PODS_ROOT}/Target Support Files/Pods-Remote_Asset_Controller_iOS/Pods-Remote_Asset_Controller_iOS-frameworks-${CONFIGURATION}-output-files.xcfilelist",
			);
			runOnlyForDeploymentPostprocessing = 0;
			shellPath = /bin/sh;
			shellScript = "\"${PODS_ROOT}/Target Support Files/Pods-Remote_Asset_Controller_iOS/Pods-Remote_Asset_Controller_iOS-frameworks.sh\"\n";
			showEnvVarsInLog = 0;
		};
		D4F7B36292D75E3DEB130B48 /* [CP] Check Pods Manifest.lock */ = {
			isa = PBXShellScriptBuildPhase;
			buildActionMask = 2147483647;
			files = (
			);
			inputFileListPaths = (
			);
			inputPaths = (
				"${PODS_PODFILE_DIR_PATH}/Podfile.lock",
				"${PODS_ROOT}/Manifest.lock",
			);
			name = "[CP] Check Pods Manifest.lock";
			outputFileListPaths = (
			);
			outputPaths = (
				"$(DERIVED_FILE_DIR)/Pods-Remote_Asset_Controller_iOS-checkManifestLockResult.txt",
			);
			runOnlyForDeploymentPostprocessing = 0;
			shellPath = /bin/sh;
			shellScript = "diff \"${PODS_PODFILE_DIR_PATH}/Podfile.lock\" \"${PODS_ROOT}/Manifest.lock\" > /dev/null\nif [ $? != 0 ] ; then\n    # print error to STDERR\n    echo \"error: The sandbox is not in sync with the Podfile.lock. Run 'pod install' or update your CocoaPods installation.\" >&2\n    exit 1\nfi\n# This output is used by Xcode 'outputs' to avoid re-running this script phase.\necho \"SUCCESS\" > \"${SCRIPT_OUTPUT_FILE_0}\"\n";
			showEnvVarsInLog = 0;
		};
/* End PBXShellScriptBuildPhase section */

/* Begin PBXSourcesBuildPhase section */
		88359165298D767F00A51EDB /* Sources */ = {
			isa = PBXSourcesBuildPhase;
			buildActionMask = 2147483647;
			files = (
				883591B4298E431400A51EDB /* TestResponse.swift in Sources */,
				883591AC298E42BB00A51EDB /* DemoSource.swift in Sources */,
				8835918F298E3CC100A51EDB /* Storyboards.swift in Sources */,
				88359184298E3C1900A51EDB /* LoginPresenter.swift in Sources */,
				8835916D298D767F00A51EDB /* AppDelegate.swift in Sources */,
				88359185298E3C1900A51EDB /* LoginViewController.swift in Sources */,
				883591A4298E3E3200A51EDB /* LoadingView.swift in Sources */,
				8835919F298E3DDC00A51EDB /* ReusableView.swift in Sources */,
				883591A6298E3E4800A51EDB /* ImageNames.swift in Sources */,
				883591AF298E42DD00A51EDB /* BaseService.swift in Sources */,
				8835919B298E3DBE00A51EDB /* Loadable.swift in Sources */,
				88359196298E3D9700A51EDB /* BaseViewController.swift in Sources */,
				8835916F298D767F00A51EDB /* SceneDelegate.swift in Sources */,
				8835919D298E3DCD00A51EDB /* NibLoadedView.swift in Sources */,
				88359188298E3C6D00A51EDB /* LoginModule.swift in Sources */,
				883591B6298E433500A51EDB /* TestRequest.swift in Sources */,
				88359199298E3DB800A51EDB /* Alertable.swift in Sources */,
				8835918C298E3CAA00A51EDB /* UIStoryboard+Extension.swift in Sources */,
				88359192298E3CDA00A51EDB /* Constants.swift in Sources */,
				883591A2298E3E1900A51EDB /* BackButton.swift in Sources */,
			);
			runOnlyForDeploymentPostprocessing = 0;
		};
/* End PBXSourcesBuildPhase section */

/* Begin PBXVariantGroup section */
		88359177298D768000A51EDB /* LaunchScreen.storyboard */ = {
			isa = PBXVariantGroup;
			children = (
				88359178298D768000A51EDB /* Base */,
			);
			name = LaunchScreen.storyboard;
			sourceTree = "<group>";
		};
/* End PBXVariantGroup section */

/* Begin XCBuildConfiguration section */
		8835917B298D768000A51EDB /* Debug */ = {
			isa = XCBuildConfiguration;
			buildSettings = {
				ALWAYS_SEARCH_USER_PATHS = NO;
				CLANG_ANALYZER_NONNULL = YES;
				CLANG_ANALYZER_NUMBER_OBJECT_CONVERSION = YES_AGGRESSIVE;
				CLANG_CXX_LANGUAGE_STANDARD = "gnu++20";
				CLANG_ENABLE_MODULES = YES;
				CLANG_ENABLE_OBJC_ARC = YES;
				CLANG_ENABLE_OBJC_WEAK = YES;
				CLANG_WARN_BLOCK_CAPTURE_AUTORELEASING = YES;
				CLANG_WARN_BOOL_CONVERSION = YES;
				CLANG_WARN_COMMA = YES;
				CLANG_WARN_CONSTANT_CONVERSION = YES;
				CLANG_WARN_DEPRECATED_OBJC_IMPLEMENTATIONS = YES;
				CLANG_WARN_DIRECT_OBJC_ISA_USAGE = YES_ERROR;
				CLANG_WARN_DOCUMENTATION_COMMENTS = YES;
				CLANG_WARN_EMPTY_BODY = YES;
				CLANG_WARN_ENUM_CONVERSION = YES;
				CLANG_WARN_INFINITE_RECURSION = YES;
				CLANG_WARN_INT_CONVERSION = YES;
				CLANG_WARN_NON_LITERAL_NULL_CONVERSION = YES;
				CLANG_WARN_OBJC_IMPLICIT_RETAIN_SELF = YES;
				CLANG_WARN_OBJC_LITERAL_CONVERSION = YES;
				CLANG_WARN_OBJC_ROOT_CLASS = YES_ERROR;
				CLANG_WARN_QUOTED_INCLUDE_IN_FRAMEWORK_HEADER = YES;
				CLANG_WARN_RANGE_LOOP_ANALYSIS = YES;
				CLANG_WARN_STRICT_PROTOTYPES = YES;
				CLANG_WARN_SUSPICIOUS_MOVE = YES;
				CLANG_WARN_UNGUARDED_AVAILABILITY = YES_AGGRESSIVE;
				CLANG_WARN_UNREACHABLE_CODE = YES;
				CLANG_WARN__DUPLICATE_METHOD_MATCH = YES;
				COPY_PHASE_STRIP = NO;
				DEBUG_INFORMATION_FORMAT = dwarf;
				ENABLE_STRICT_OBJC_MSGSEND = YES;
				ENABLE_TESTABILITY = YES;
				GCC_C_LANGUAGE_STANDARD = gnu11;
				GCC_DYNAMIC_NO_PIC = NO;
				GCC_NO_COMMON_BLOCKS = YES;
				GCC_OPTIMIZATION_LEVEL = 0;
				GCC_PREPROCESSOR_DEFINITIONS = (
					"DEBUG=1",
					"$(inherited)",
				);
				GCC_WARN_64_TO_32_BIT_CONVERSION = YES;
				GCC_WARN_ABOUT_RETURN_TYPE = YES_ERROR;
				GCC_WARN_UNDECLARED_SELECTOR = YES;
				GCC_WARN_UNINITIALIZED_AUTOS = YES_AGGRESSIVE;
				GCC_WARN_UNUSED_FUNCTION = YES;
				GCC_WARN_UNUSED_VARIABLE = YES;
				IPHONEOS_DEPLOYMENT_TARGET = 16.1;
				MTL_ENABLE_DEBUG_INFO = INCLUDE_SOURCE;
				MTL_FAST_MATH = YES;
				ONLY_ACTIVE_ARCH = YES;
				SDKROOT = iphoneos;
				SWIFT_ACTIVE_COMPILATION_CONDITIONS = DEBUG;
				SWIFT_OPTIMIZATION_LEVEL = "-Onone";
			};
			name = Debug;
		};
		8835917C298D768000A51EDB /* Release */ = {
			isa = XCBuildConfiguration;
			buildSettings = {
				ALWAYS_SEARCH_USER_PATHS = NO;
				CLANG_ANALYZER_NONNULL = YES;
				CLANG_ANALYZER_NUMBER_OBJECT_CONVERSION = YES_AGGRESSIVE;
				CLANG_CXX_LANGUAGE_STANDARD = "gnu++20";
				CLANG_ENABLE_MODULES = YES;
				CLANG_ENABLE_OBJC_ARC = YES;
				CLANG_ENABLE_OBJC_WEAK = YES;
				CLANG_WARN_BLOCK_CAPTURE_AUTORELEASING = YES;
				CLANG_WARN_BOOL_CONVERSION = YES;
				CLANG_WARN_COMMA = YES;
				CLANG_WARN_CONSTANT_CONVERSION = YES;
				CLANG_WARN_DEPRECATED_OBJC_IMPLEMENTATIONS = YES;
				CLANG_WARN_DIRECT_OBJC_ISA_USAGE = YES_ERROR;
				CLANG_WARN_DOCUMENTATION_COMMENTS = YES;
				CLANG_WARN_EMPTY_BODY = YES;
				CLANG_WARN_ENUM_CONVERSION = YES;
				CLANG_WARN_INFINITE_RECURSION = YES;
				CLANG_WARN_INT_CONVERSION = YES;
				CLANG_WARN_NON_LITERAL_NULL_CONVERSION = YES;
				CLANG_WARN_OBJC_IMPLICIT_RETAIN_SELF = YES;
				CLANG_WARN_OBJC_LITERAL_CONVERSION = YES;
				CLANG_WARN_OBJC_ROOT_CLASS = YES_ERROR;
				CLANG_WARN_QUOTED_INCLUDE_IN_FRAMEWORK_HEADER = YES;
				CLANG_WARN_RANGE_LOOP_ANALYSIS = YES;
				CLANG_WARN_STRICT_PROTOTYPES = YES;
				CLANG_WARN_SUSPICIOUS_MOVE = YES;
				CLANG_WARN_UNGUARDED_AVAILABILITY = YES_AGGRESSIVE;
				CLANG_WARN_UNREACHABLE_CODE = YES;
				CLANG_WARN__DUPLICATE_METHOD_MATCH = YES;
				COPY_PHASE_STRIP = NO;
				DEBUG_INFORMATION_FORMAT = "dwarf-with-dsym";
				ENABLE_NS_ASSERTIONS = NO;
				ENABLE_STRICT_OBJC_MSGSEND = YES;
				GCC_C_LANGUAGE_STANDARD = gnu11;
				GCC_NO_COMMON_BLOCKS = YES;
				GCC_WARN_64_TO_32_BIT_CONVERSION = YES;
				GCC_WARN_ABOUT_RETURN_TYPE = YES_ERROR;
				GCC_WARN_UNDECLARED_SELECTOR = YES;
				GCC_WARN_UNINITIALIZED_AUTOS = YES_AGGRESSIVE;
				GCC_WARN_UNUSED_FUNCTION = YES;
				GCC_WARN_UNUSED_VARIABLE = YES;
				IPHONEOS_DEPLOYMENT_TARGET = 16.1;
				MTL_ENABLE_DEBUG_INFO = NO;
				MTL_FAST_MATH = YES;
				SDKROOT = iphoneos;
				SWIFT_COMPILATION_MODE = wholemodule;
				SWIFT_OPTIMIZATION_LEVEL = "-O";
				VALIDATE_PRODUCT = YES;
			};
			name = Release;
		};
		8835917E298D768000A51EDB /* Debug */ = {
			isa = XCBuildConfiguration;
			baseConfigurationReference = 1CB5DF337CD89ABF59657760 /* Pods-Remote_Asset_Controller_iOS.debug.xcconfig */;
			buildSettings = {
				ASSETCATALOG_COMPILER_APPICON_NAME = AppIcon;
				ASSETCATALOG_COMPILER_GLOBAL_ACCENT_COLOR_NAME = AccentColor;
				CODE_SIGN_STYLE = Automatic;
				CURRENT_PROJECT_VERSION = 1;
				DEVELOPMENT_TEAM = 5ZLMX3ASA5;
				GENERATE_INFOPLIST_FILE = YES;
				INFOPLIST_FILE = Remote_Asset_Controller_iOS/Info.plist;
				INFOPLIST_KEY_UIApplicationSupportsIndirectInputEvents = YES;
				INFOPLIST_KEY_UILaunchStoryboardName = LaunchScreen;
				INFOPLIST_KEY_UIMainStoryboardFile = Login;
				INFOPLIST_KEY_UISupportedInterfaceOrientations = UIInterfaceOrientationPortrait;
				IPHONEOS_DEPLOYMENT_TARGET = 13.0;
				LD_RUNPATH_SEARCH_PATHS = (
					"$(inherited)",
					"@executable_path/Frameworks",
				);
				MARKETING_VERSION = 1.0;
				PRODUCT_BUNDLE_IDENTIFIER = "com.dorkdev.Remote-Asset-Controller-iOS";
				PRODUCT_NAME = "$(TARGET_NAME)";
				SWIFT_EMIT_LOC_STRINGS = YES;
				SWIFT_VERSION = 5.0;
				TARGETED_DEVICE_FAMILY = "1,2";
			};
			name = Debug;
		};
		8835917F298D768000A51EDB /* Release */ = {
			isa = XCBuildConfiguration;
			baseConfigurationReference = C6B7FE5868BF2E40476F5540 /* Pods-Remote_Asset_Controller_iOS.release.xcconfig */;
			buildSettings = {
				ASSETCATALOG_COMPILER_APPICON_NAME = AppIcon;
				ASSETCATALOG_COMPILER_GLOBAL_ACCENT_COLOR_NAME = AccentColor;
				CODE_SIGN_STYLE = Automatic;
				CURRENT_PROJECT_VERSION = 1;
				DEVELOPMENT_TEAM = 5ZLMX3ASA5;
				GENERATE_INFOPLIST_FILE = YES;
				INFOPLIST_FILE = Remote_Asset_Controller_iOS/Info.plist;
				INFOPLIST_KEY_UIApplicationSupportsIndirectInputEvents = YES;
				INFOPLIST_KEY_UILaunchStoryboardName = LaunchScreen;
				INFOPLIST_KEY_UIMainStoryboardFile = Login;
				INFOPLIST_KEY_UISupportedInterfaceOrientations = UIInterfaceOrientationPortrait;
				IPHONEOS_DEPLOYMENT_TARGET = 13.0;
				LD_RUNPATH_SEARCH_PATHS = (
					"$(inherited)",
					"@executable_path/Frameworks",
				);
				MARKETING_VERSION = 1.0;
				PRODUCT_BUNDLE_IDENTIFIER = "com.dorkdev.Remote-Asset-Controller-iOS";
				PRODUCT_NAME = "$(TARGET_NAME)";
				SWIFT_EMIT_LOC_STRINGS = YES;
				SWIFT_VERSION = 5.0;
				TARGETED_DEVICE_FAMILY = "1,2";
			};
			name = Release;
		};
/* End XCBuildConfiguration section */

/* Begin XCConfigurationList section */
		88359164298D767F00A51EDB /* Build configuration list for PBXProject "Remote_Asset_Controller_iOS" */ = {
			isa = XCConfigurationList;
			buildConfigurations = (
				8835917B298D768000A51EDB /* Debug */,
				8835917C298D768000A51EDB /* Release */,
			);
			defaultConfigurationIsVisible = 0;
			defaultConfigurationName = Release;
		};
		8835917D298D768000A51EDB /* Build configuration list for PBXNativeTarget "Remote_Asset_Controller_iOS" */ = {
			isa = XCConfigurationList;
			buildConfigurations = (
				8835917E298D768000A51EDB /* Debug */,
				8835917F298D768000A51EDB /* Release */,
			);
			defaultConfigurationIsVisible = 0;
			defaultConfigurationName = Release;
		};
/* End XCConfigurationList section */
	};
	rootObject = 88359161298D767F00A51EDB /* Project object */;
}
